
Microsoft Visual Studio Solution File, Format Version 12.00
# Visual Studio Version 17
VisualStudioVersion = 17.8.34316.72
MinimumVisualStudioVersion = 10.0.40219.1
Project("{FAE04EC0-301F-11D3-BF4B-00C04F79EFBC}") = "zad4", "zad4\zad4.csproj", "{3941171C-D207-47CC-AFFC-C5C497F6EECF}"
EndProject
Global
	GlobalSection(SolutionConfigurationPlatforms) = preSolution
		Debug|Any CPU = Debug|Any CPU
		Release|Any CPU = Release|Any CPU
	EndGlobalSection
	GlobalSection(ProjectConfigurationPlatforms) = postSolution
		{3941171C-D207-47CC-AFFC-C5C497F6EECF}.Debug|Any CPU.ActiveCfg = Debug|Any CPU
		{3941171C-D207-47CC-AFFC-C5C497F6EECF}.Debug|Any CPU.Build.0 = Debug|Any CPU
		{3941171C-D207-47CC-AFFC-C5C497F6EECF}.Release|Any CPU.ActiveCfg = Release|Any CPU
		{3941171C-D207-47CC-AFFC-C5C497F6EECF}.Release|Any CPU.Build.0 = Release|Any CPU
	EndGlobalSection
	GlobalSection(SolutionProperties) = preSolution
		HideSolutionNode = FALSE
	EndGlobalSection
	GlobalSection(ExtensibilityGlobals) = postSolution
		SolutionGuid = {9A952948-75AE-4AF0-A133-B15AD2CA6692}
	EndGlobalSection
EndGlobal
